
Microsoft Visual Studio Solution File, Format Version 12.00
# Visual Studio 2013
VisualStudioVersion = 12.0.31101.0
MinimumVisualStudioVersion = 10.0.40219.1
Project("{FAE04EC0-301F-11D3-BF4B-00C04F79EFBC}") = "TestThreeNet", "TestThreeNet\TestThreeNet.csproj", "{6B5D0A95-08AA-430C-86A5-C28E0DC91FAA}"
EndProject
Project("{FAE04EC0-301F-11D3-BF4B-00C04F79EFBC}") = "Three.Net", "Three.Net\Three.Net.csproj", "{7FE5B26B-B074-47F6-8AFE-5322E1D86721}"
EndProject
Project("{2150E333-8FDC-42A3-9474-1A3956D46DE8}") = ".nuget", ".nuget", "{1E7AAB60-8E54-47D5-A9A3-C6E954677CAB}"
	ProjectSection(SolutionItems) = preProject
		.nuget\NuGet.Config = .nuget\NuGet.Config
		.nuget\NuGet.exe = .nuget\NuGet.exe
		.nuget\NuGet.targets = .nuget\NuGet.targets
	EndProjectSection
EndProject
Global
	GlobalSection(SolutionConfigurationPlatforms) = preSolution
		Debug|Any CPU = Debug|Any CPU
		Release|Any CPU = Release|Any CPU
	EndGlobalSection
	GlobalSection(ProjectConfigurationPlatforms) = postSolution
		{6B5D0A95-08AA-430C-86A5-C28E0DC91FAA}.Debug|Any CPU.ActiveCfg = Debug|Any CPU
		{6B5D0A95-08AA-430C-86A5-C28E0DC91FAA}.Debug|Any CPU.Build.0 = Debug|Any CPU
		{6B5D0A95-08AA-430C-86A5-C28E0DC91FAA}.Release|Any CPU.ActiveCfg = Release|Any CPU
		{6B5D0A95-08AA-430C-86A5-C28E0DC91FAA}.Release|Any CPU.Build.0 = Release|Any CPU
		{7FE5B26B-B074-47F6-8AFE-5322E1D86721}.Debug|Any CPU.ActiveCfg = Debug|Any CPU
		{7FE5B26B-B074-47F6-8AFE-5322E1D86721}.Debug|Any CPU.Build.0 = Debug|Any CPU
		{7FE5B26B-B074-47F6-8AFE-5322E1D86721}.Release|Any CPU.ActiveCfg = Release|Any CPU
		{7FE5B26B-B074-47F6-8AFE-5322E1D86721}.Release|Any CPU.Build.0 = Release|Any CPU
	EndGlobalSection
	GlobalSection(SolutionProperties) = preSolution
		HideSolutionNode = FALSE
	EndGlobalSection
EndGlobal
